# This file is autogenerated, do not edit; changes may be undone by the next 'dep ensure'.


[[projects]]
  branch = "master"
  digest = "1:9714edf467a38c16ada8f0841d21febefbe3feb56877d42c369e7c5bfc2a05ea"
  name = "github.com/caneroj1/stemmer"
  packages = ["."]
  pruneopts = "UT"
  revision = "c9f2ce1504d576b42a18f7db9cf05a50dd391c77"

[[projects]]
  digest = "1:a0cc264456743e2c8f9798dbe251c28bacbc3e60a4fbcf140997e8aaae5a0cf8"
  name = "github.com/gookit/color"
  packages = ["."]
  pruneopts = "UT"
  revision = "55e2fd773974775d0bda6daef1fe74bd47ccc260"
  version = "v1.1.7"

[[projects]]
  digest = "1:664d37ea261f0fc73dd17f4a1f5f46d01fbb0b0d75f6375af064824424109b7d"
  name = "github.com/gorilla/handlers"
  packages = ["."]
  pruneopts = "UT"
  revision = "7e0847f9db758cdebd26c149d0ae9d5d0b9c98ce"
  version = "v1.4.0"

[[projects]]
  digest = "1:3af6be4fee7c08f81f13d36f04ffb63ad4b6b5aaba12cce96095c7c2863d4912"
  name = "github.com/gorilla/mux"
  packages = ["."]
  pruneopts = "UT"
  revision = "ed099d42384823742bba0bf9a72b53b55c9e2e38"
  version = "v1.7.2"

[[projects]]
  digest = "1:0356f3312c9bd1cbeda81505b7fd437501d8e778ab66998ef69f00d7f9b3a0d7"
  name = "github.com/mattn/go-runewidth"
  packages = ["."]
  pruneopts = "UT"
  revision = "3ee7d812e62a0804a7d0a324e0249ca2db3476d3"
  version = "v0.0.4"

[[projects]]
  digest = "1:8276341abd121205600721bd831eb5209b83dd7a124d3a982e3ccc2da8c03012"
  name = "github.com/neurosnap/sentences"
  packages = ["."]
  pruneopts = "UT"
  revision = "a7f18ead1433a139742a8b42ce7a059cfb484d60"
  version = "v1.0.6"

[[projects]]
  branch = "master"
  digest = "1:835175ab04c820e2df8cebbbe864608aaeaa6e9155800c1e9dea358f8da76d91"
  name = "github.com/olivia-ai/gonn"
  packages = ["gonn"]
  pruneopts = "UT"
  revision = "d475a7ff1256a39b33d3a27c8a2b218e3daec807"

[[projects]]
  digest = "1:808cdddf087fb64baeae67b8dfaee2069034d9704923a3cb8bd96a995421a625"
  name = "github.com/patrickmn/go-cache"
  packages = ["."]
  pruneopts = "UT"
  revision = "a3647f8e31d79543b2d0f0ae2fe5c379d72cedc0"
  version = "v2.1.0"

[[projects]]
  branch = "master"
  digest = "1:8f5108406bc43c7669b0d67d282e40d05c9f268615fcaf8c1f0f76965aa3f09f"
  name = "golang.org/x/sys"
  packages = ["unix"]
  pruneopts = "UT"
  revision = "301114b31cced3624480dfb114ca1b495ec69aa5"

[[projects]]
  digest = "1:d219400f09c151f0ada918bab650ef46f7ebdb1ff4fea923fdcb839481ec7ec1"
  name = "gopkg.in/cheggaaa/pb.v1"
  packages = ["."]
  pruneopts = "UT"
  revision = "f907f6f5dd81f77c2bbc1cde92e4c5a04720cb11"
  version = "v1.0.28"

[solve-meta]
  analyzer-name = "dep"
  analyzer-version = 1
  input-imports = [
    "github.com/caneroj1/stemmer",
    "github.com/gookit/color",
    "github.com/gorilla/handlers",
    "github.com/gorilla/mux",
    "github.com/neurosnap/sentences",
    "github.com/olivia-ai/gonn/gonn",
    "github.com/patrickmn/go-cache",
  ]
  solver-name = "gps-cdcl"
  solver-version = 1
